{
  "version": 4,
  "terraform_version": "1.14.3",
  "serial": 36,
  "lineage": "412ff7c9-ac19-8ede-8893-9ebddb0f2cfb",
  "outputs": {
    "aws_region": {
      "value": "us-east-1",
      "type": "string"
    },
    "ec2_instance_id": {
      "value": "i-04ef7fc567f06f52d",
      "type": "string"
    },
    "ec2_instance_public_dns": {
      "value": "ec2-3-236-175-236.compute-1.amazonaws.com",
      "type": "string"
    },
    "ec2_instance_public_ip": {
      "value": "3.236.175.236",
      "type": "string"
    },
    "ec2_key_pair": {
      "value": "vockey",
      "type": "string"
    },
    "service_url": {
      "value": "http://ec2-3-236-175-236.compute-1.amazonaws.com:8000",
      "type": "string"
    }
  },
  "resources": [
    {
      "mode": "data",
      "type": "aws_ami",
      "name": "amazon_linux",
      "provider": "provider[\"registry.terraform.io/hashicorp/aws\"]",
      "instances": [
        {
          "schema_version": 0,
          "attributes": {
            "allow_unsafe_filter": null,
            "architecture": "arm64",
            "arn": "arn:aws:ec2:us-east-1::image/ami-059afa9e3a9c7af0c",
            "block_device_mappings": [
              {
                "device_name": "/dev/xvda",
                "ebs": {
                  "delete_on_termination": "true",
                  "encrypted": "false",
                  "iops": "3000",
                  "snapshot_id": "snap-06dfdeec8b635630f",
                  "throughput": "125",
                  "volume_initialization_rate": "0",
                  "volume_size": "8",
                  "volume_type": "gp3"
                },
                "no_device": "",
                "virtual_name": ""
              }
            ],
            "boot_mode": "uefi",
            "creation_date": "2026-01-02T18:39:06.000Z",
            "deprecation_time": "2026-04-02T00:00:00.000Z",
            "description": "Amazon Linux 2023 AMI 2023.10.20260105.0 arm64 HVM kernel-6.1",
            "ena_support": true,
            "executable_users": null,
            "filter": [
              {
                "name": "image-id",
                "values": [
                  "ami-059afa9e3a9c7af0c"
                ]
              }
            ],
            "hypervisor": "xen",
            "id": "ami-059afa9e3a9c7af0c",
            "image_id": "ami-059afa9e3a9c7af0c",
            "image_location": "amazon/al2023-ami-2023.10.20260105.0-kernel-6.1-arm64",
            "image_owner_alias": "amazon",
            "image_type": "machine",
            "imds_support": "v2.0",
            "include_deprecated": false,
            "kernel_id": "",
            "last_launched_time": "",
            "most_recent": true,
            "name": "al2023-ami-2023.10.20260105.0-kernel-6.1-arm64",
            "name_regex": null,
            "owner_id": "137112412989",
            "owners": [
              "amazon"
            ],
            "platform": "",
            "platform_details": "Linux/UNIX",
            "product_codes": [],
            "public": true,
            "ramdisk_id": "",
            "region": "us-east-1",
            "root_device_name": "/dev/xvda",
            "root_device_type": "ebs",
            "root_snapshot_id": "snap-06dfdeec8b635630f",
            "sriov_net_support": "simple",
            "state": "available",
            "state_reason": {
              "code": "UNSET",
              "message": "UNSET"
            },
            "tags": {},
            "timeouts": null,
            "tpm_support": "",
            "uefi_data": null,
            "usage_operation": "RunInstances",
            "virtualization_type": "hvm"
          },
          "sensitive_attributes": [],
          "identity_schema_version": 0
        }
      ]
    },
    {
      "mode": "data",
      "type": "aws_iam_instance_profile",
      "name": "LabInstanceProfile",
      "provider": "provider[\"registry.terraform.io/hashicorp/aws\"]",
      "instances": [
        {
          "schema_version": 0,
          "attributes": {
            "arn": "arn:aws:iam::846661378031:instance-profile/LabInstanceProfile",
            "create_date": "2026-01-15 18:44:53 +0000 UTC",
            "id": "AIPA4KIHTL7XQSOCRR7NN",
            "name": "LabInstanceProfile",
            "path": "/",
            "role_arn": "arn:aws:iam::846661378031:role/LabRole",
            "role_id": "AROA4KIHTL7XWUAVJTPBB",
            "role_name": "LabRole"
          },
          "sensitive_attributes": [],
          "identity_schema_version": 0
        }
      ]
    },
    {
      "mode": "data",
      "type": "aws_iam_role",
      "name": "LabRole",
      "provider": "provider[\"registry.terraform.io/hashicorp/aws\"]",
      "instances": [
        {
          "schema_version": 0,
          "attributes": {
            "arn": "arn:aws:iam::846661378031:role/LabRole",
            "assume_role_policy": "{\"Version\":\"2012-10-17\",\"Statement\":[{\"Effect\":\"Allow\",\"Principal\":{\"AWS\":\"arn:aws:iam::846661378031:role/LabRole\",\"Service\":[\"cloudtrail.amazonaws.com\",\"logs.amazonaws.com\",\"eks.amazonaws.com\",\"credentials.iot.amazonaws.com\",\"iot.amazonaws.com\",\"iotevents.amazonaws.com\",\"codecommit.amazonaws.com\",\"codewhisperer.amazonaws.com\",\"glue.amazonaws.com\",\"lambda.amazonaws.com\",\"ec2.amazonaws.com\",\"redshift.amazonaws.com\",\"databrew.amazonaws.com\",\"ecs.amazonaws.com\",\"dynamodb.amazonaws.com\",\"codedeploy.amazonaws.com\",\"secretsmanager.amazonaws.com\",\"kms.amazonaws.com\",\"rekognition.amazonaws.com\",\"sqs.amazonaws.com\",\"ssm.amazonaws.com\",\"kinesis.amazonaws.com\",\"elasticloadbalancing.amazonaws.com\",\"sns.amazonaws.com\",\"cloudformation.amazonaws.com\",\"iotanalytics.amazonaws.com\",\"elasticfilesystem.amazonaws.com\",\"application-autoscaling.amazonaws.com\",\"ec2.application-autoscaling.amazonaws.com\",\"eks-fargate-pods.amazonaws.com\",\"s3.amazonaws.com\",\"firehose.amazonaws.com\",\"cognito-idp.amazonaws.com\",\"deepracer.amazonaws.com\",\"autoscaling.amazonaws.com\",\"sagemaker.amazonaws.com\",\"resource-groups.amazonaws.com\",\"apigateway.amazonaws.com\",\"backup.amazonaws.com\",\"forecast.amazonaws.com\",\"rds.amazonaws.com\",\"kinesisanalytics.amazonaws.com\",\"elasticmapreduce.amazonaws.com\",\"athena.amazonaws.com\",\"elasticbeanstalk.amazonaws.com\",\"servicecatalog.amazonaws.com\",\"events.amazonaws.com\",\"pipes.amazonaws.com\",\"ecs-tasks.amazonaws.com\",\"cloud9.amazonaws.com\",\"batch.amazonaws.com\",\"scheduler.amazonaws.com\",\"states.amazonaws.com\"]},\"Action\":\"sts:AssumeRole\"}]}",
            "create_date": "2026-01-15T18:44:34Z",
            "description": "",
            "id": "LabRole",
            "max_session_duration": 3600,
            "name": "LabRole",
            "path": "/",
            "permissions_boundary": "",
            "role_last_used": [
              {
                "last_used_date": "2026-01-19T21:33:44Z",
                "region": "us-east-1"
              }
            ],
            "tags": {
              "cloudlab": "c193681a4976192l13492453t1w846661378031"
            },
            "unique_id": "AROA4KIHTL7XWUAVJTPBB"
          },
          "sensitive_attributes": [],
          "identity_schema_version": 0
        }
      ]
    },
    {
      "mode": "data",
      "type": "aws_subnet",
      "name": "default",
      "provider": "provider[\"registry.terraform.io/hashicorp/aws\"]",
      "instances": [
        {
          "schema_version": 0,
          "attributes": {
            "arn": "arn:aws:ec2:us-east-1:846661378031:subnet/subnet-0694b97295577d65a",
            "assign_ipv6_address_on_creation": false,
            "availability_zone": "us-east-1b",
            "availability_zone_id": "use1-az1",
            "available_ip_address_count": 4090,
            "cidr_block": "172.31.0.0/20",
            "customer_owned_ipv4_pool": "",
            "default_for_az": true,
            "enable_dns64": false,
            "enable_lni_at_device_index": 0,
            "enable_resource_name_dns_a_record_on_launch": false,
            "enable_resource_name_dns_aaaa_record_on_launch": false,
            "filter": null,
            "id": "subnet-0694b97295577d65a",
            "ipv6_cidr_block": "",
            "ipv6_cidr_block_association_id": "",
            "ipv6_native": false,
            "map_customer_owned_ip_on_launch": false,
            "map_public_ip_on_launch": true,
            "outpost_arn": "",
            "owner_id": "846661378031",
            "private_dns_hostname_type_on_launch": "ip-name",
            "region": "us-east-1",
            "state": "available",
            "tags": {},
            "timeouts": null,
            "vpc_id": "vpc-041dc376351fe414e"
          },
          "sensitive_attributes": [],
          "identity_schema_version": 0
        }
      ]
    },
    {
      "mode": "data",
      "type": "aws_subnets",
      "name": "default",
      "provider": "provider[\"registry.terraform.io/hashicorp/aws\"]",
      "instances": [
        {
          "schema_version": 0,
          "attributes": {
            "filter": [
              {
                "name": "vpc-id",
                "values": [
                  "vpc-041dc376351fe414e"
                ]
              }
            ],
            "id": "us-east-1",
            "ids": [
              "subnet-0694b97295577d65a",
              "subnet-00ed8290149d1c887",
              "subnet-0adcf6cb50312c26d",
              "subnet-0311628034c3a8279",
              "subnet-0428158552c758f2a",
              "subnet-080a2bf7e28cb4c78"
            ],
            "region": "us-east-1",
            "tags": null,
            "timeouts": null
          },
          "sensitive_attributes": [],
          "identity_schema_version": 0
        }
      ]
    },
    {
      "mode": "data",
      "type": "aws_vpc",
      "name": "default",
      "provider": "provider[\"registry.terraform.io/hashicorp/aws\"]",
      "instances": [
        {
          "schema_version": 0,
          "attributes": {
            "arn": "arn:aws:ec2:us-east-1:846661378031:vpc/vpc-041dc376351fe414e",
            "cidr_block": "172.31.0.0/16",
            "cidr_block_associations": [
              {
                "association_id": "vpc-cidr-assoc-0e69e272ef1e5188c",
                "cidr_block": "172.31.0.0/16",
                "state": "associated"
              }
            ],
            "default": true,
            "dhcp_options_id": "dopt-0e4749c284125f707",
            "enable_dns_hostnames": true,
            "enable_dns_support": true,
            "enable_network_address_usage_metrics": false,
            "filter": null,
            "id": "vpc-041dc376351fe414e",
            "instance_tenancy": "default",
            "ipv6_association_id": "",
            "ipv6_cidr_block": "",
            "main_route_table_id": "rtb-0cd8201c8eed997cd",
            "owner_id": "846661378031",
            "region": "us-east-1",
            "state": null,
            "tags": {},
            "timeouts": null
          },
          "sensitive_attributes": [],
          "identity_schema_version": 0
        }
      ]
    },
    {
      "mode": "managed",
      "type": "aws_instance",
      "name": "product_catalogue",
      "provider": "provider[\"registry.terraform.io/hashicorp/aws\"]",
      "instances": [
        {
          "schema_version": 2,
          "attributes": {
            "ami": "ami-059afa9e3a9c7af0c",
            "arn": "arn:aws:ec2:us-east-1:846661378031:instance/i-04ef7fc567f06f52d",
            "associate_public_ip_address": true,
            "availability_zone": "us-east-1b",
            "capacity_reservation_specification": [
              {
                "capacity_reservation_preference": "open",
                "capacity_reservation_target": []
              }
            ],
            "cpu_options": [
              {
                "amd_sev_snp": "",
                "core_count": 2,
                "threads_per_core": 1
              }
            ],
            "credit_specification": [
              {
                "cpu_credits": "unlimited"
              }
            ],
            "disable_api_stop": false,
            "disable_api_termination": false,
            "ebs_block_device": [],
            "ebs_optimized": false,
            "enable_primary_ipv6": null,
            "enclave_options": [
              {
                "enabled": false
              }
            ],
            "ephemeral_block_device": [],
            "force_destroy": false,
            "get_password_data": false,
            "hibernation": false,
            "host_id": "",
            "host_resource_group_arn": null,
            "iam_instance_profile": "LabInstanceProfile",
            "id": "i-04ef7fc567f06f52d",
            "instance_initiated_shutdown_behavior": "stop",
            "instance_lifecycle": "",
            "instance_market_options": [],
            "instance_state": "running",
            "instance_type": "t4g.micro",
            "ipv6_address_count": 0,
            "ipv6_addresses": [],
            "key_name": "vockey",
            "launch_template": [],
            "maintenance_options": [
              {
                "auto_recovery": "default"
              }
            ],
            "metadata_options": [
              {
                "http_endpoint": "enabled",
                "http_protocol_ipv6": "disabled",
                "http_put_response_hop_limit": 2,
                "http_tokens": "required",
                "instance_metadata_tags": "disabled"
              }
            ],
            "monitoring": false,
            "network_interface": [],
            "outpost_arn": "",
            "password_data": "",
            "placement_group": "",
            "placement_group_id": "",
            "placement_partition_number": 0,
            "primary_network_interface": [
              {
                "delete_on_termination": true,
                "network_interface_id": "eni-0efbb4d922ceac1dd"
              }
            ],
            "primary_network_interface_id": "eni-0efbb4d922ceac1dd",
            "private_dns": "ip-172-31-6-100.ec2.internal",
            "private_dns_name_options": [
              {
                "enable_resource_name_dns_a_record": false,
                "enable_resource_name_dns_aaaa_record": false,
                "hostname_type": "ip-name"
              }
            ],
            "private_ip": "172.31.6.100",
            "public_dns": "ec2-3-236-175-236.compute-1.amazonaws.com",
            "public_ip": "3.236.175.236",
            "region": "us-east-1",
            "root_block_device": [
              {
                "delete_on_termination": true,
                "device_name": "/dev/xvda",
                "encrypted": false,
                "iops": 3000,
                "kms_key_id": "",
                "tags": {},
                "tags_all": {},
                "throughput": 125,
                "volume_id": "vol-087af05417f2d0731",
                "volume_size": 8,
                "volume_type": "gp3"
              }
            ],
            "secondary_private_ips": [],
            "security_groups": [
              "product-catalogue-test-product-catalogue-sg"
            ],
            "source_dest_check": true,
            "spot_instance_request_id": "",
            "subnet_id": "subnet-0694b97295577d65a",
            "tags": {
              "Environment": "test",
              "ManagedBy": "Terraform",
              "Name": "product-catalogue-test-tasks-service",
              "Project": "product-catalogue"
            },
            "tags_all": {
              "Environment": "test",
              "ManagedBy": "Terraform",
              "Name": "product-catalogue-test-tasks-service",
              "Project": "product-catalogue"
            },
            "tenancy": "default",
            "timeouts": null,
            "user_data": null,
            "user_data_base64": null,
            "user_data_replace_on_change": false,
            "volume_tags": null,
            "vpc_security_group_ids": [
              "sg-072f5f2d4a3965bb1"
            ]
          },
          "sensitive_attributes": [],
          "identity_schema_version": 0,
          "identity": {
            "account_id": "846661378031",
            "id": "i-04ef7fc567f06f52d",
            "region": "us-east-1"
          },
          "private": "eyJlMmJmYjczMC1lY2FhLTExZTYtOGY4OC0zNDM2M2JjN2M0YzAiOnsiY3JlYXRlIjo2MDAwMDAwMDAwMDAsImRlbGV0ZSI6MTIwMDAwMDAwMDAwMCwicmVhZCI6OTAwMDAwMDAwMDAwLCJ1cGRhdGUiOjYwMDAwMDAwMDAwMH0sInNjaGVtYV92ZXJzaW9uIjoiMiJ9",
          "dependencies": [
            "aws_security_group.product_catalogue",
            "data.aws_ami.amazon_linux",
            "data.aws_iam_instance_profile.LabInstanceProfile",
            "data.aws_subnet.default",
            "data.aws_subnets.default",
            "data.aws_vpc.default"
          ],
          "create_before_destroy": true
        }
      ]
    },
    {
      "mode": "managed",
      "type": "aws_security_group",
      "name": "product_catalogue",
      "provider": "provider[\"registry.terraform.io/hashicorp/aws\"]",
      "instances": [
        {
          "schema_version": 1,
          "attributes": {
            "arn": "arn:aws:ec2:us-east-1:846661378031:security-group/sg-072f5f2d4a3965bb1",
            "description": "Security group for product catalogue customer website EC2 instance",
            "egress": [
              {
                "cidr_blocks": [
                  "0.0.0.0/0"
                ],
                "description": "All outbound traffic",
                "from_port": 0,
                "ipv6_cidr_blocks": [],
                "prefix_list_ids": [],
                "protocol": "-1",
                "security_groups": [],
                "self": false,
                "to_port": 0
              }
            ],
            "id": "sg-072f5f2d4a3965bb1",
            "ingress": [
              {
                "cidr_blocks": [
                  "0.0.0.0/0"
                ],
                "description": "Flask App (React + API)",
                "from_port": 8000,
                "ipv6_cidr_blocks": [],
                "prefix_list_ids": [],
                "protocol": "tcp",
                "security_groups": [],
                "self": false,
                "to_port": 8000
              },
              {
                "cidr_blocks": [
                  "0.0.0.0/0"
                ],
                "description": "SSH",
                "from_port": 22,
                "ipv6_cidr_blocks": [],
                "prefix_list_ids": [],
                "protocol": "tcp",
                "security_groups": [],
                "self": false,
                "to_port": 22
              }
            ],
            "name": "product-catalogue-test-product-catalogue-sg",
            "name_prefix": "",
            "owner_id": "846661378031",
            "region": "us-east-1",
            "revoke_rules_on_delete": false,
            "tags": {
              "Environment": "test",
              "ManagedBy": "Terraform",
              "Name": "product-catalogue-test-product-catalogue-sg",
              "Project": "product-catalogue"
            },
            "tags_all": {
              "Environment": "test",
              "ManagedBy": "Terraform",
              "Name": "product-catalogue-test-product-catalogue-sg",
              "Project": "product-catalogue"
            },
            "timeouts": null,
            "vpc_id": "vpc-041dc376351fe414e"
          },
          "sensitive_attributes": [],
          "identity_schema_version": 0,
          "identity": {
            "account_id": "846661378031",
            "id": "sg-072f5f2d4a3965bb1",
            "region": "us-east-1"
          },
          "private": "eyJlMmJmYjczMC1lY2FhLTExZTYtOGY4OC0zNDM2M2JjN2M0YzAiOnsiY3JlYXRlIjo2MDAwMDAwMDAwMDAsImRlbGV0ZSI6OTAwMDAwMDAwMDAwfSwic2NoZW1hX3ZlcnNpb24iOiIxIn0=",
          "dependencies": [
            "data.aws_vpc.default"
          ],
          "create_before_destroy": true
        }
      ]
    },
    {
      "mode": "managed",
      "type": "null_resource",
      "name": "deploy_app",
      "provider": "provider[\"registry.terraform.io/hashicorp/null\"]",
      "instances": [
        {
          "schema_version": 0,
          "attributes": {
            "id": "1963190682069144901",
            "triggers": {
              "instance_id": "i-04ef7fc567f06f52d",
              "instance_public_ip": "3.236.175.236"
            }
          },
          "sensitive_attributes": [],
          "identity_schema_version": 0,
          "dependencies": [
            "aws_instance.product_catalogue",
            "aws_security_group.product_catalogue",
            "data.aws_ami.amazon_linux",
            "data.aws_iam_instance_profile.LabInstanceProfile",
            "data.aws_subnet.default",
            "data.aws_subnets.default",
            "data.aws_vpc.default"
          ]
        }
      ]
    }
  ],
  "check_results": null
}
